
Microsoft Visual Studio Solution File, Format Version 12.00
# Visual Studio Version 17
VisualStudioVersion = 17.11.35312.102
MinimumVisualStudioVersion = 10.0.40219.1
Project("{9A19103F-16F7-4668-BE54-9A1E7A4F7556}") = "ETL", "ETL\ETL.csproj", "{CCE85E8C-39AD-464A-827E-EF4CE65EF846}"
EndProject
Project("{9A19103F-16F7-4668-BE54-9A1E7A4F7556}") = "Shared", "Shared\Shared.csproj", "{B83CC2DD-D90B-4E8C-9B93-ED4F845CEFBA}"
EndProject
Project("{9A19103F-16F7-4668-BE54-9A1E7A4F7556}") = "DataAccess", "DataAccess\DataAccess.csproj", "{48FA2587-212E-4DA3-866C-F37ECB42882F}"
EndProject
Project("{9A19103F-16F7-4668-BE54-9A1E7A4F7556}") = "Tests", "Tests\Tests.csproj", "{92A90745-CA56-426A-B36F-4A880A326F28}"
EndProject
Global
	GlobalSection(SolutionConfigurationPlatforms) = preSolution
		Debug|Any CPU = Debug|Any CPU
		Release|Any CPU = Release|Any CPU
	EndGlobalSection
	GlobalSection(ProjectConfigurationPlatforms) = postSolution
		{CCE85E8C-39AD-464A-827E-EF4CE65EF846}.Debug|Any CPU.ActiveCfg = Debug|Any CPU
		{CCE85E8C-39AD-464A-827E-EF4CE65EF846}.Debug|Any CPU.Build.0 = Debug|Any CPU
		{CCE85E8C-39AD-464A-827E-EF4CE65EF846}.Release|Any CPU.ActiveCfg = Release|Any CPU
		{CCE85E8C-39AD-464A-827E-EF4CE65EF846}.Release|Any CPU.Build.0 = Release|Any CPU
		{B83CC2DD-D90B-4E8C-9B93-ED4F845CEFBA}.Debug|Any CPU.ActiveCfg = Debug|Any CPU
		{B83CC2DD-D90B-4E8C-9B93-ED4F845CEFBA}.Debug|Any CPU.Build.0 = Debug|Any CPU
		{B83CC2DD-D90B-4E8C-9B93-ED4F845CEFBA}.Release|Any CPU.ActiveCfg = Release|Any CPU
		{B83CC2DD-D90B-4E8C-9B93-ED4F845CEFBA}.Release|Any CPU.Build.0 = Release|Any CPU
		{48FA2587-212E-4DA3-866C-F37ECB42882F}.Debug|Any CPU.ActiveCfg = Debug|Any CPU
		{48FA2587-212E-4DA3-866C-F37ECB42882F}.Debug|Any CPU.Build.0 = Debug|Any CPU
		{48FA2587-212E-4DA3-866C-F37ECB42882F}.Release|Any CPU.ActiveCfg = Release|Any CPU
		{48FA2587-212E-4DA3-866C-F37ECB42882F}.Release|Any CPU.Build.0 = Release|Any CPU
		{92A90745-CA56-426A-B36F-4A880A326F28}.Debug|Any CPU.ActiveCfg = Debug|Any CPU
		{92A90745-CA56-426A-B36F-4A880A326F28}.Debug|Any CPU.Build.0 = Debug|Any CPU
		{92A90745-CA56-426A-B36F-4A880A326F28}.Release|Any CPU.ActiveCfg = Release|Any CPU
		{92A90745-CA56-426A-B36F-4A880A326F28}.Release|Any CPU.Build.0 = Release|Any CPU
	EndGlobalSection
	GlobalSection(SolutionProperties) = preSolution
		HideSolutionNode = FALSE
	EndGlobalSection
	GlobalSection(ExtensibilityGlobals) = postSolution
		SolutionGuid = {7747E2F9-EB98-4C55-ACE6-ED07170A0A04}
	EndGlobalSection
EndGlobal
